PODS:
  - geos (3.6.2)
  - GEOSwift (2.1.3):
    - geos

DEPENDENCIES:
  - GEOSwift (from `https://github.com/mojtabacazi/GEOSwift.git`, branch `develop`)

EXTERNAL SOURCES:
  GEOSwift:
    :branch: develop
    :git: https://github.com/mojtabacazi/GEOSwift.git

CHECKOUT OPTIONS:
  GEOSwift:
    :commit: 1fea2840c4615ad1293602fb3c5485f9dd5e5066
    :git: https://github.com/mojtabacazi/GEOSwift.git

SPEC CHECKSUMS:
  geos: 4a08c69fbbf142bb5bd13b5321c1b5b5a9e13161
  GEOSwift: 8524ec0833d6da7d53df1288ad6fedd13360ba2f

PODFILE CHECKSUM: d02ffc6f64c2997b47e8032b2c7e977ceab7b192

COCOAPODS: 1.4.0
