// !$*UTF8*$!
{
	archiveVersion = 1;
	classes = {
	};
	objectVersion = 48;
	objects = {

/* Begin PBXBuildFile section */
		286A5F5571F4E6D45EBDBABD /* Pods_DemoAlamofire.framework in Frameworks */ = {isa = PBXBuildFile; fileRef = FA0876C721C65F18ACC374C7 /* Pods_DemoAlamofire.framework */; };
		F89D887E1FB60B920015473B /* AppDelegate.swift in Sources */ = {isa = PBXBuildFile; fileRef = F89D887D1FB60B920015473B /* AppDelegate.swift */; };
		F89D88801FB60B920015473B /* ViewController.swift in Sources */ = {isa = PBXBuildFile; fileRef = F89D887F1FB60B920015473B /* ViewController.swift */; };
		F89D88831FB60B920015473B /* Main.storyboard in Resources */ = {isa = PBXBuildFile; fileRef = F89D88811FB60B920015473B /* Main.storyboard */; };
		F89D88851FB60B920015473B /* Assets.xcassets in Resources */ = {isa = PBXBuildFile; fileRef = F89D88841FB60B920015473B /* Assets.xcassets */; };
		F89D88881FB60B920015473B /* LaunchScreen.storyboard in Resources */ = {isa = PBXBuildFile; fileRef = F89D88861FB60B920015473B /* LaunchScreen.storyboard */; };
/* End PBXBuildFile section */

/* Begin PBXFileReference section */
		A7724671695621DEF58AC1F4 /* Pods-DemoAlamofire.release.xcconfig */ = {isa = PBXFileReference; includeInIndex = 1; lastKnownFileType = text.xcconfig; name = "Pods-DemoAlamofire.release.xcconfig"; path = "Pods/Target Support Files/Pods-DemoAlamofire/Pods-DemoAlamofire.release.xcconfig"; sourceTree = "<group>"; };
		EA3E362BC4EFA8EA7F42C57A /* Pods-DemoAlamofire.debug.xcconfig */ = {isa = PBXFileReference; includeInIndex = 1; lastKnownFileType = text.xcconfig; name = "Pods-DemoAlamofire.debug.xcconfig"; path = "Pods/Target Support Files/Pods-DemoAlamofire/Pods-DemoAlamofire.debug.xcconfig"; sourceTree = "<group>"; };
		F89D887A1FB60B920015473B /* DemoAlamofire.app */ = {isa = PBXFileReference; explicitFileType = wrapper.application; includeInIndex = 0; path = DemoAlamofire.app; sourceTree = BUILT_PRODUCTS_DIR; };
		F89D887D1FB60B920015473B /* AppDelegate.swift */ = {isa = PBXFileReference; lastKnownFileType = sourcecode.swift; path = AppDelegate.swift; sourceTree = "<group>"; };
		F89D887F1FB60B920015473B /* ViewController.swift */ = {isa = PBXFileReference; lastKnownFileType = sourcecode.swift; path = ViewController.swift; sourceTree = "<group>"; };
		F89D88821FB60B920015473B /* Base */ = {isa = PBXFileReference; lastKnownFileType = file.storyboard; name = Base; path = Base.lproj/Main.storyboard; sourceTree = "<group>"; };
		F89D88841FB60B920015473B /* Assets.xcassets */ = {isa = PBXFileReference; lastKnownFileType = folder.assetcatalog; path = Assets.xcassets; sourceTree = "<group>"; };
		F89D88871FB60B920015473B /* Base */ = {isa = PBXFileReference; lastKnownFileType = file.storyboard; name = Base; path = Base.lproj/LaunchScreen.storyboard; sourceTree = "<group>"; };
		F89D88891FB60B920015473B /* Info.plist */ = {isa = PBXFileReference; lastKnownFileType = text.plist.xml; path = Info.plist; sourceTree = "<group>"; };
		FA0876C721C65F18ACC374C7 /* Pods_DemoAlamofire.framework */ = {isa = PBXFileReference; explicitFileType = wrapper.framework; includeInIndex = 0; path = Pods_DemoAlamofire.framework; sourceTree = BUILT_PRODUCTS_DIR; };
/* End PBXFileReference section */

/* Begin PBXFrameworksBuildPhase section */
		F89D88771FB60B920015473B /* Frameworks */ = {
			isa = PBXFrameworksBuildPhase;
			buildActionMask = 2147483647;
			files = (
				286A5F5571F4E6D45EBDBABD /* Pods_DemoAlamofire.framework in Frameworks */,
			);
			runOnlyForDeploymentPostprocessing = 0;
		};
/* End PBXFrameworksBuildPhase section */

/* Begin PBXGroup section */
		929917D5986BF061595D34E7 /* Frameworks */ = {
			isa = PBXGroup;
			children = (
				FA0876C721C65F18ACC374C7 /* Pods_DemoAlamofire.framework */,
			);
			name = Frameworks;
			sourceTree = "<group>";
		};
		9E4629A40B20B1CFBEF95FC0 /* Pods */ = {
			isa = PBXGroup;
			children = (
				EA3E362BC4EFA8EA7F42C57A /* Pods-DemoAlamofire.debug.xcconfig */,
				A7724671695621DEF58AC1F4 /* Pods-DemoAlamofire.release.xcconfig */,
			);
			name = Pods;
			sourceTree = "<group>";
		};
		F89D88711FB60B920015473B = {
			isa = PBXGroup;
			children = (
				F89D887C1FB60B920015473B /* DemoAlamofire */,
				F89D887B1FB60B920015473B /* Products */,
				9E4629A40B20B1CFBEF95FC0 /* Pods */,
				929917D5986BF061595D34E7 /* Frameworks */,
			);
			sourceTree = "<group>";
		};
		F89D887B1FB60B920015473B /* Products */ = {
			isa = PBXGroup;
			children = (
				F89D887A1FB60B920015473B /* DemoAlamofire.app */,
			);
			name = Products;
			sourceTree = "<group>";
		};
		F89D887C1FB60B920015473B /* DemoAlamofire */ = {
			isa = PBXGroup;
			children = (
				F89D887D1FB60B920015473B /* AppDelegate.swift */,
				F89D887F1FB60B920015473B /* ViewController.swift */,
				F89D88811FB60B920015473B /* Main.storyboard */,
				F89D88841FB60B920015473B /* Assets.xcassets */,
				F89D88861FB60B920015473B /* LaunchScreen.storyboard */,
				F89D88891FB60B920015473B /* Info.plist */,
			);
			path = DemoAlamofire;
			sourceTree = "<group>";
		};
/* End PBXGroup section */

/* Begin PBXNativeTarget section */
		F89D88791FB60B920015473B /* DemoAlamofire */ = {
			isa = PBXNativeTarget;
			buildConfigurationList = F89D888C1FB60B920015473B /* Build configuration list for PBXNativeTarget "DemoAlamofire" */;
			buildPhases = (
				8FF9766B0E98E3EBA05A3C73 /* [CP] Check Pods Manifest.lock */,
				F89D88761FB60B920015473B /* Sources */,
				F89D88771FB60B920015473B /* Frameworks */,
				F89D88781FB60B920015473B /* Resources */,
				04023CC3ABCEA944DFAFB9FA /* [CP] Embed Pods Frameworks */,
				F31A13556AEE6099E3F2CA80 /* [CP] Copy Pods Resources */,
			);
			buildRules = (
			);
			dependencies = (
			);
			name = DemoAlamofire;
			productName = DemoAlamofire;
			productReference = F89D887A1FB60B920015473B /* DemoAlamofire.app */;
			productType = "com.apple.product-type.application";
		};
/* End PBXNativeTarget section */

/* Begin PBXProject section */
		F89D88721FB60B920015473B /* Project object */ = {
			isa = PBXProject;
			attributes = {
				LastSwiftUpdateCheck = 0900;
				LastUpgradeCheck = 0900;
				ORGANIZATIONNAME = "Maxime Britto";
				TargetAttributes = {
					F89D88791FB60B920015473B = {
						CreatedOnToolsVersion = 9.0;
						ProvisioningStyle = Automatic;
					};
				};
			};
			buildConfigurationList = F89D88751FB60B920015473B /* Build configuration list for PBXProject "DemoAlamofire" */;
			compatibilityVersion = "Xcode 8.0";
			developmentRegion = en;
			hasScannedForEncodings = 0;
			knownRegions = (
				en,
				Base,
			);
			mainGroup = F89D88711FB60B920015473B;
			productRefGroup = F89D887B1FB60B920015473B /* Products */;
			projectDirPath = "";
			projectRoot = "";
			targets = (
				F89D88791FB60B920015473B /* DemoAlamofire */,
			);
		};
/* End PBXProject section */

/* Begin PBXResourcesBuildPhase section */
		F89D88781FB60B920015473B /* Resources */ = {
			isa = PBXResourcesBuildPhase;
			buildActionMask = 2147483647;
			files = (
				F89D88881FB60B920015473B /* LaunchScreen.storyboard in Resources */,
				F89D88851FB60B920015473B /* Assets.xcassets in Resources */,
				F89D88831FB60B920015473B /* Main.storyboard in Resources */,
			);
			runOnlyForDeploymentPostprocessing = 0;
		};
/* End PBXResourcesBuildPhase section */

/* Begin PBXShellScriptBuildPhase section */
		04023CC3ABCEA944DFAFB9FA /* [CP] Embed Pods Frameworks */ = {
			isa = PBXShellScriptBuildPhase;
			buildActionMask = 2147483647;
			files = (
			);
			inputPaths = (
			);
			name = "[CP] Embed Pods Frameworks";
			outputPaths = (
			);
			runOnlyForDeploymentPostprocessing = 0;
			shellPath = /bin/sh;
			shellScript = "\"${SRCROOT}/Pods/Target Support Files/Pods-DemoAlamofire/Pods-DemoAlamofire-frameworks.sh\"\n";
			showEnvVarsInLog = 0;
		};
		8FF9766B0E98E3EBA05A3C73 /* [CP] Check Pods Manifest.lock */ = {
			isa = PBXShellScriptBuildPhase;
			buildActionMask = 2147483647;
			files = (
			);
			inputPaths = (
			);
			name = "[CP] Check Pods Manifest.lock";
			outputPaths = (
			);
			runOnlyForDeploymentPostprocessing = 0;
			shellPath = /bin/sh;
			shellScript = "diff \"${PODS_ROOT}/../Podfile.lock\" \"${PODS_ROOT}/Manifest.lock\" > /dev/null\nif [ $? != 0 ] ; then\n    # print error to STDERR\n    echo \"error: The sandbox is not in sync with the Podfile.lock. Run 'pod install' or update your CocoaPods installation.\" >&2\n    exit 1\nfi\n";
			showEnvVarsInLog = 0;
		};
		F31A13556AEE6099E3F2CA80 /* [CP] Copy Pods Resources */ = {
			isa = PBXShellScriptBuildPhase;
			buildActionMask = 2147483647;
			files = (
			);
			inputPaths = (
			);
			name = "[CP] Copy Pods Resources";
			outputPaths = (
			);
			runOnlyForDeploymentPostprocessing = 0;
			shellPath = /bin/sh;
			shellScript = "\"${SRCROOT}/Pods/Target Support Files/Pods-DemoAlamofire/Pods-DemoAlamofire-resources.sh\"\n";
			showEnvVarsInLog = 0;
		};
/* End PBXShellScriptBuildPhase section */

/* Begin PBXSourcesBuildPhase section */
		F89D88761FB60B920015473B /* Sources */ = {
			isa = PBXSourcesBuildPhase;
			buildActionMask = 2147483647;
			files = (
				F89D88801FB60B920015473B /* ViewController.swift in Sources */,
				F89D887E1FB60B920015473B /* AppDelegate.swift in Sources */,
			);
			runOnlyForDeploymentPostprocessing = 0;
		};
/* End PBXSourcesBuildPhase section */

/* Begin PBXVariantGroup section */
		F89D88811FB60B920015473B /* Main.storyboard */ = {
			isa = PBXVariantGroup;
			children = (
				F89D88821FB60B920015473B /* Base */,
			);
			name = Main.storyboard;
			sourceTree = "<group>";
		};
		F89D88861FB60B920015473B /* LaunchScreen.storyboard */ = {
			isa = PBXVariantGroup;
			children = (
				F89D88871FB60B920015473B /* Base */,
			);
			name = LaunchScreen.storyboard;
			sourceTree = "<group>";
		};
/* End PBXVariantGroup section */

/* Begin XCBuildConfiguration section */
		F89D888A1FB60B920015473B /* Debug */ = {
			isa = XCBuildConfiguration;
			buildSettings = {
				ALWAYS_SEARCH_USER_PATHS = NO;
				CLANG_ANALYZER_NONNULL = YES;
				CLANG_ANALYZER_NUMBER_OBJECT_CONVERSION = YES_AGGRESSIVE;
				CLANG_CXX_LANGUAGE_STANDARD = "gnu++14";
				CLANG_CXX_LIBRARY = "libc++";
				CLANG_ENABLE_MODULES = YES;
				CLANG_ENABLE_OBJC_ARC = YES;
				CLANG_WARN_BLOCK_CAPTURE_AUTORELEASING = YES;
				CLANG_WARN_BOOL_CONVERSION = YES;
				CLANG_WARN_COMMA = YES;
				CLANG_WARN_CONSTANT_CONVERSION = YES;
				CLANG_WARN_DIRECT_OBJC_ISA_USAGE = YES_ERROR;
				CLANG_WARN_DOCUMENTATION_COMMENTS = YES;
				CLANG_WARN_EMPTY_BODY = YES;
				CLANG_WARN_ENUM_CONVERSION = YES;
				CLANG_WARN_INFINITE_RECURSION = YES;
				CLANG_WARN_INT_CONVERSION = YES;
				CLANG_WARN_NON_LITERAL_NULL_CONVERSION = YES;
				CLANG_WARN_OBJC_LITERAL_CONVERSION = YES;
				CLANG_WARN_OBJC_ROOT_CLASS = YES_ERROR;
				CLANG_WARN_RANGE_LOOP_ANALYSIS = YES;
				CLANG_WARN_STRICT_PROTOTYPES = YES;
				CLANG_WARN_SUSPICIOUS_MOVE = YES;
				CLANG_WARN_UNGUARDED_AVAILABILITY = YES_AGGRESSIVE;
				CLANG_WARN_UNREACHABLE_CODE = YES;
				CLANG_WARN__DUPLICATE_METHOD_MATCH = YES;
				CODE_SIGN_IDENTITY = "iPhone Developer";
				COPY_PHASE_STRIP = NO;
				DEBUG_INFORMATION_FORMAT = dwarf;
				ENABLE_STRICT_OBJC_MSGSEND = YES;
				ENABLE_TESTABILITY = YES;
				GCC_C_LANGUAGE_STANDARD = gnu11;
				GCC_DYNAMIC_NO_PIC = NO;
				GCC_NO_COMMON_BLOCKS = YES;
				GCC_OPTIMIZATION_LEVEL = 0;
				GCC_PREPROCESSOR_DEFINITIONS = (
					"DEBUG=1",
					"$(inherited)",
				);
				GCC_WARN_64_TO_32_BIT_CONVERSION = YES;
				GCC_WARN_ABOUT_RETURN_TYPE = YES_ERROR;
				GCC_WARN_UNDECLARED_SELECTOR = YES;
				GCC_WARN_UNINITIALIZED_AUTOS = YES_AGGRESSIVE;
				GCC_WARN_UNUSED_FUNCTION = YES;
				GCC_WARN_UNUSED_VARIABLE = YES;
				IPHONEOS_DEPLOYMENT_TARGET = 11.0;
				MTL_ENABLE_DEBUG_INFO = YES;
				ONLY_ACTIVE_ARCH = YES;
				SDKROOT = iphoneos;
				SWIFT_ACTIVE_COMPILATION_CONDITIONS = DEBUG;
				SWIFT_OPTIMIZATION_LEVEL = "-Onone";
			};
			name = Debug;
		};
		F89D888B1FB60B920015473B /* Release */ = {
			isa = XCBuildConfiguration;
			buildSettings = {
				ALWAYS_SEARCH_USER_PATHS = NO;
				CLANG_ANALYZER_NONNULL = YES;
				CLANG_ANALYZER_NUMBER_OBJECT_CONVERSION = YES_AGGRESSIVE;
				CLANG_CXX_LANGUAGE_STANDARD = "gnu++14";
				CLANG_CXX_LIBRARY = "libc++";
				CLANG_ENABLE_MODULES = YES;
				CLANG_ENABLE_OBJC_ARC = YES;
				CLANG_WARN_BLOCK_CAPTURE_AUTORELEASING = YES;
				CLANG_WARN_BOOL_CONVERSION = YES;
				CLANG_WARN_COMMA = YES;
				CLANG_WARN_CONSTANT_CONVERSION = YES;
				CLANG_WARN_DIRECT_OBJC_ISA_USAGE = YES_ERROR;
				CLANG_WARN_DOCUMENTATION_COMMENTS = YES;
				CLANG_WARN_EMPTY_BODY = YES;
				CLANG_WARN_ENUM_CONVERSION = YES;
				CLANG_WARN_INFINITE_RECURSION = YES;
				CLANG_WARN_INT_CONVERSION = YES;
				CLANG_WARN_NON_LITERAL_NULL_CONVERSION = YES;
				CLANG_WARN_OBJC_LITERAL_CONVERSION = YES;
				CLANG_WARN_OBJC_ROOT_CLASS = YES_ERROR;
				CLANG_WARN_RANGE_LOOP_ANALYSIS = YES;
				CLANG_WARN_STRICT_PROTOTYPES = YES;
				CLANG_WARN_SUSPICIOUS_MOVE = YES;
				CLANG_WARN_UNGUARDED_AVAILABILITY = YES_AGGRESSIVE;
				CLANG_WARN_UNREACHABLE_CODE = YES;
				CLANG_WARN__DUPLICATE_METHOD_MATCH = YES;
				CODE_SIGN_IDENTITY = "iPhone Developer";
				COPY_PHASE_STRIP = NO;
				DEBUG_INFORMATION_FORMAT = "dwarf-with-dsym";
				ENABLE_NS_ASSERTIONS = NO;
				ENABLE_STRICT_OBJC_MSGSEND = YES;
				GCC_C_LANGUAGE_STANDARD = gnu11;
				GCC_NO_COMMON_BLOCKS = YES;
				GCC_WARN_64_TO_32_BIT_CONVERSION = YES;
				GCC_WARN_ABOUT_RETURN_TYPE = YES_ERROR;
				GCC_WARN_UNDECLARED_SELECTOR = YES;
				GCC_WARN_UNINITIALIZED_AUTOS = YES_AGGRESSIVE;
				GCC_WARN_UNUSED_FUNCTION = YES;
				GCC_WARN_UNUSED_VARIABLE = YES;
				IPHONEOS_DEPLOYMENT_TARGET = 11.0;
				MTL_ENABLE_DEBUG_INFO = NO;
				SDKROOT = iphoneos;
				SWIFT_OPTIMIZATION_LEVEL = "-Owholemodule";
				VALIDATE_PRODUCT = YES;
			};
			name = Release;
		};
		F89D888D1FB60B920015473B /* Debug */ = {
			isa = XCBuildConfiguration;
			baseConfigurationReference = EA3E362BC4EFA8EA7F42C57A /* Pods-DemoAlamofire.debug.xcconfig */;
			buildSettings = {
				ASSETCATALOG_COMPILER_APPICON_NAME = AppIcon;
				CODE_SIGN_STYLE = Automatic;
				INFOPLIST_FILE = DemoAlamofire/Info.plist;
				LD_RUNPATH_SEARCH_PATHS = "$(inherited) @executable_path/Frameworks";
				PRODUCT_BUNDLE_IDENTIFIER = fr.purplegiraffe.ios.DemoAlamofire;
				PRODUCT_NAME = "$(TARGET_NAME)";
				SWIFT_VERSION = 4.0;
				TARGETED_DEVICE_FAMILY = "1,2";
			};
			name = Debug;
		};
		F89D888E1FB60B920015473B /* Release */ = {
			isa = XCBuildConfiguration;
			baseConfigurationReference = A7724671695621DEF58AC1F4 /* Pods-DemoAlamofire.release.xcconfig */;
			buildSettings = {
				ASSETCATALOG_COMPILER_APPICON_NAME = AppIcon;
				CODE_SIGN_STYLE = Automatic;
				INFOPLIST_FILE = DemoAlamofire/Info.plist;
				LD_RUNPATH_SEARCH_PATHS = "$(inherited) @executable_path/Frameworks";
				PRODUCT_BUNDLE_IDENTIFIER = fr.purplegiraffe.ios.DemoAlamofire;
				PRODUCT_NAME = "$(TARGET_NAME)";
				SWIFT_VERSION = 4.0;
				TARGETED_DEVICE_FAMILY = "1,2";
			};
			name = Release;
		};
/* End XCBuildConfiguration section */

/* Begin XCConfigurationList section */
		F89D88751FB60B920015473B /* Build configuration list for PBXProject "DemoAlamofire" */ = {
			isa = XCConfigurationList;
			buildConfigurations = (
				F89D888A1FB60B920015473B /* Debug */,
				F89D888B1FB60B920015473B /* Release */,
			);
			defaultConfigurationIsVisible = 0;
			defaultConfigurationName = Release;
		};
		F89D888C1FB60B920015473B /* Build configuration list for PBXNativeTarget "DemoAlamofire" */ = {
			isa = XCConfigurationList;
			buildConfigurations = (
				F89D888D1FB60B920015473B /* Debug */,
				F89D888E1FB60B920015473B /* Release */,
			);
			defaultConfigurationIsVisible = 0;
			defaultConfigurationName = Release;
		};
/* End XCConfigurationList section */
	};
	rootObject = F89D88721FB60B920015473B /* Project object */;
}
